// !$*UTF8*$!
{
	archiveVersion = 1;
	classes = {
	};
	objectVersion = 55;
	objects = {

/* Begin PBXBuildFile section */
		22371F8B2CF8FB9600B3C140 /* AppDelegate.swift in Sources */ = {isa = PBXBuildFile; fileRef = 22371F8A2CF8FB9600B3C140 /* AppDelegate.swift */; };
		22371F8D2CF8FB9600B3C140 /* SceneDelegate.swift in Sources */ = {isa = PBXBuildFile; fileRef = 22371F8C2CF8FB9600B3C140 /* SceneDelegate.swift */; };
		22371F8F2CF8FB9600B3C140 /* ProfileController.swift in Sources */ = {isa = PBXBuildFile; fileRef = 22371F8E2CF8FB9600B3C140 /* ProfileController.swift */; };
		22371F922CF8FB9600B3C140 /* Main.storyboard in Resources */ = {isa = PBXBuildFile; fileRef = 22371F902CF8FB9600B3C140 /* Main.storyboard */; };
		22371F942CF8FBA100B3C140 /* Assets.xcassets in Resources */ = {isa = PBXBuildFile; fileRef = 22371F932CF8FBA100B3C140 /* Assets.xcassets */; };
		22371F972CF8FBA100B3C140 /* LaunchScreen.storyboard in Resources */ = {isa = PBXBuildFile; fileRef = 22371F952CF8FBA100B3C140 /* LaunchScreen.storyboard */; };
		22371FA02CF8FD9700B3C140 /* RxCocoa in Frameworks */ = {isa = PBXBuildFile; productRef = 22371F9F2CF8FD9700B3C140 /* RxCocoa */; };
		22371FA22CF8FD9700B3C140 /* RxSwift in Frameworks */ = {isa = PBXBuildFile; productRef = 22371FA12CF8FD9700B3C140 /* RxSwift */; };
		22371FA52CF8FEA700B3C140 /* Moya in Frameworks */ = {isa = PBXBuildFile; productRef = 22371FA42CF8FEA700B3C140 /* Moya */; };
		22371FAB2CF9021E00B3C140 /* Kingfisher in Frameworks */ = {isa = PBXBuildFile; productRef = 22371FAA2CF9021E00B3C140 /* Kingfisher */; };
		22371FB32CF91FF300B3C140 /* AlbumsCell.swift in Sources */ = {isa = PBXBuildFile; fileRef = 22371FB22CF91FF300B3C140 /* AlbumsCell.swift */; };
		22371FB52CF92B1A00B3C140 /* User.swift in Sources */ = {isa = PBXBuildFile; fileRef = 22371FB42CF92B1A00B3C140 /* User.swift */; };
		22371FB72CF92C5800B3C140 /* NetworkService.swift in Sources */ = {isa = PBXBuildFile; fileRef = 22371FB62CF92C5800B3C140 /* NetworkService.swift */; };
		22371FB92CF9343400B3C140 /* ProfileViewModel.swift in Sources */ = {isa = PBXBuildFile; fileRef = 22371FB82CF9343400B3C140 /* ProfileViewModel.swift */; };
		22371FBB2CF9E56100B3C140 /* Albums.swift in Sources */ = {isa = PBXBuildFile; fileRef = 22371FBA2CF9E56100B3C140 /* Albums.swift */; };
		22371FBD2CFA023A00B3C140 /* AlbumDetailsController.swift in Sources */ = {isa = PBXBuildFile; fileRef = 22371FBC2CFA023A00B3C140 /* AlbumDetailsController.swift */; };
		22371FBF2CFA0B2300B3C140 /* AlbumDetailsCell.swift in Sources */ = {isa = PBXBuildFile; fileRef = 22371FBE2CFA0B2300B3C140 /* AlbumDetailsCell.swift */; };
		22371FC12CFA2C3500B3C140 /* Photos.swift in Sources */ = {isa = PBXBuildFile; fileRef = 22371FC02CFA2C3500B3C140 /* Photos.swift */; };
		22371FC32CFA2D2D00B3C140 /* AlbumDetailsVM.swift in Sources */ = {isa = PBXBuildFile; fileRef = 22371FC22CFA2D2D00B3C140 /* AlbumDetailsVM.swift */; };
		22371FC52CFA79BC00B3C140 /* ImageViewerController.swift in Sources */ = {isa = PBXBuildFile; fileRef = 22371FC42CFA79BC00B3C140 /* ImageViewerController.swift */; };
/* End PBXBuildFile section */

/* Begin PBXFileReference section */
		22371F872CF8FB9600B3C140 /* BostaTasks.app */ = {isa = PBXFileReference; explicitFileType = wrapper.application; includeInIndex = 0; path = BostaTasks.app; sourceTree = BUILT_PRODUCTS_DIR; };
		22371F8A2CF8FB9600B3C140 /* AppDelegate.swift */ = {isa = PBXFileReference; lastKnownFileType = sourcecode.swift; path = AppDelegate.swift; sourceTree = "<group>"; };
		22371F8C2CF8FB9600B3C140 /* SceneDelegate.swift */ = {isa = PBXFileReference; lastKnownFileType = sourcecode.swift; path = SceneDelegate.swift; sourceTree = "<group>"; };
		22371F8E2CF8FB9600B3C140 /* ProfileController.swift */ = {isa = PBXFileReference; lastKnownFileType = sourcecode.swift; path = ProfileController.swift; sourceTree = "<group>"; };
		22371F912CF8FB9600B3C140 /* Base */ = {isa = PBXFileReference; lastKnownFileType = file.storyboard; name = Base; path = Base.lproj/Main.storyboard; sourceTree = "<group>"; };
		22371F932CF8FBA100B3C140 /* Assets.xcassets */ = {isa = PBXFileReference; lastKnownFileType = folder.assetcatalog; path = Assets.xcassets; sourceTree = "<group>"; };
		22371F962CF8FBA100B3C140 /* Base */ = {isa = PBXFileReference; lastKnownFileType = file.storyboard; name = Base; path = Base.lproj/LaunchScreen.storyboard; sourceTree = "<group>"; };
		22371F982CF8FBA100B3C140 /* Info.plist */ = {isa = PBXFileReference; lastKnownFileType = text.plist.xml; path = Info.plist; sourceTree = "<group>"; };
		22371FB22CF91FF300B3C140 /* AlbumsCell.swift */ = {isa = PBXFileReference; lastKnownFileType = sourcecode.swift; path = AlbumsCell.swift; sourceTree = "<group>"; };
		22371FB42CF92B1A00B3C140 /* User.swift */ = {isa = PBXFileReference; lastKnownFileType = sourcecode.swift; path = User.swift; sourceTree = "<group>"; };
		22371FB62CF92C5800B3C140 /* NetworkService.swift */ = {isa = PBXFileReference; lastKnownFileType = sourcecode.swift; path = NetworkService.swift; sourceTree = "<group>"; };
		22371FB82CF9343400B3C140 /* ProfileViewModel.swift */ = {isa = PBXFileReference; lastKnownFileType = sourcecode.swift; path = ProfileViewModel.swift; sourceTree = "<group>"; };
		22371FBA2CF9E56100B3C140 /* Albums.swift */ = {isa = PBXFileReference; lastKnownFileType = sourcecode.swift; path = Albums.swift; sourceTree = "<group>"; };
		22371FBC2CFA023A00B3C140 /* AlbumDetailsController.swift */ = {isa = PBXFileReference; lastKnownFileType = sourcecode.swift; path = AlbumDetailsController.swift; sourceTree = "<group>"; };
		22371FBE2CFA0B2300B3C140 /* AlbumDetailsCell.swift */ = {isa = PBXFileReference; lastKnownFileType = sourcecode.swift; path = AlbumDetailsCell.swift; sourceTree = "<group>"; };
		22371FC02CFA2C3500B3C140 /* Photos.swift */ = {isa = PBXFileReference; lastKnownFileType = sourcecode.swift; path = Photos.swift; sourceTree = "<group>"; };
		22371FC22CFA2D2D00B3C140 /* AlbumDetailsVM.swift */ = {isa = PBXFileReference; lastKnownFileType = sourcecode.swift; path = AlbumDetailsVM.swift; sourceTree = "<group>"; };
		22371FC42CFA79BC00B3C140 /* ImageViewerController.swift */ = {isa = PBXFileReference; lastKnownFileType = sourcecode.swift; path = ImageViewerController.swift; sourceTree = "<group>"; };
/* End PBXFileReference section */

/* Begin PBXFrameworksBuildPhase section */
		22371F842CF8FB9600B3C140 /* Frameworks */ = {
			isa = PBXFrameworksBuildPhase;
			buildActionMask = 2147483647;
			files = (
				22371FAB2CF9021E00B3C140 /* Kingfisher in Frameworks */,
				22371FA22CF8FD9700B3C140 /* RxSwift in Frameworks */,
				22371FA02CF8FD9700B3C140 /* RxCocoa in Frameworks */,
				22371FA52CF8FEA700B3C140 /* Moya in Frameworks */,
			);
			runOnlyForDeploymentPostprocessing = 0;
		};
/* End PBXFrameworksBuildPhase section */

/* Begin PBXGroup section */
		22371F7E2CF8FB9600B3C140 = {
			isa = PBXGroup;
			children = (
				22371F892CF8FB9600B3C140 /* BostaTasks */,
				22371F882CF8FB9600B3C140 /* Products */,
			);
			sourceTree = "<group>";
		};
		22371F882CF8FB9600B3C140 /* Products */ = {
			isa = PBXGroup;
			children = (
				22371F872CF8FB9600B3C140 /* BostaTasks.app */,
			);
			name = Products;
			sourceTree = "<group>";
		};
		22371F892CF8FB9600B3C140 /* BostaTasks */ = {
			isa = PBXGroup;
			children = (
				22371FB02CF9144400B3C140 /* App */,
				22371FB12CF9146100B3C140 /* Resources */,
				22371FAF2CF9139400B3C140 /* NetworkLayer */,
				22371FAD2CF9131800B3C140 /* Model */,
				22371FAE2CF9132700B3C140 /* ViewModel */,
				22371FAC2CF9126F00B3C140 /* View */,
				22371F982CF8FBA100B3C140 /* Info.plist */,
			);
			path = BostaTasks;
			sourceTree = "<group>";
		};
		22371FAC2CF9126F00B3C140 /* View */ = {
			isa = PBXGroup;
			children = (
				22371F8E2CF8FB9600B3C140 /* ProfileController.swift */,
				22371FB22CF91FF300B3C140 /* AlbumsCell.swift */,
				22371FBC2CFA023A00B3C140 /* AlbumDetailsController.swift */,
				22371FBE2CFA0B2300B3C140 /* AlbumDetailsCell.swift */,
				22371FC42CFA79BC00B3C140 /* ImageViewerController.swift */,
			);
			path = View;
			sourceTree = "<group>";
		};
		22371FAD2CF9131800B3C140 /* Model */ = {
			isa = PBXGroup;
			children = (
				22371FB42CF92B1A00B3C140 /* User.swift */,
				22371FBA2CF9E56100B3C140 /* Albums.swift */,
				22371FC02CFA2C3500B3C140 /* Photos.swift */,
			);
			path = Model;
			sourceTree = "<group>";
		};
		22371FAE2CF9132700B3C140 /* ViewModel */ = {
			isa = PBXGroup;
			children = (
				22371FB82CF9343400B3C140 /* ProfileViewModel.swift */,
				22371FC22CFA2D2D00B3C140 /* AlbumDetailsVM.swift */,
			);
			path = ViewModel;
			sourceTree = "<group>";
		};
		22371FAF2CF9139400B3C140 /* NetworkLayer */ = {
			isa = PBXGroup;
			children = (
				22371FB62CF92C5800B3C140 /* NetworkService.swift */,
			);
			path = NetworkLayer;
			sourceTree = "<group>";
		};
		22371FB02CF9144400B3C140 /* App */ = {
			isa = PBXGroup;
			children = (
				22371F8A2CF8FB9600B3C140 /* AppDelegate.swift */,
				22371F8C2CF8FB9600B3C140 /* SceneDelegate.swift */,
			);
			path = App;
			sourceTree = "<group>";
		};
		22371FB12CF9146100B3C140 /* Resources */ = {
			isa = PBXGroup;
			children = (
				22371F932CF8FBA100B3C140 /* Assets.xcassets */,
				22371F902CF8FB9600B3C140 /* Main.storyboard */,
				22371F952CF8FBA100B3C140 /* LaunchScreen.storyboard */,
			);
			path = Resources;
			sourceTree = "<group>";
		};
/* End PBXGroup section */

/* Begin PBXNativeTarget section */
		22371F862CF8FB9600B3C140 /* BostaTasks */ = {
			isa = PBXNativeTarget;
			buildConfigurationList = 22371F9B2CF8FBA100B3C140 /* Build configuration list for PBXNativeTarget "BostaTasks" */;
			buildPhases = (
				22371F832CF8FB9600B3C140 /* Sources */,
				22371F842CF8FB9600B3C140 /* Frameworks */,
				22371F852CF8FB9600B3C140 /* Resources */,
			);
			buildRules = (
			);
			dependencies = (
			);
			name = BostaTasks;
			packageProductDependencies = (
				22371F9F2CF8FD9700B3C140 /* RxCocoa */,
				22371FA12CF8FD9700B3C140 /* RxSwift */,
				22371FA42CF8FEA700B3C140 /* Moya */,
				22371FAA2CF9021E00B3C140 /* Kingfisher */,
			);
			productName = BostaTasks;
			productReference = 22371F872CF8FB9600B3C140 /* BostaTasks.app */;
			productType = "com.apple.product-type.application";
		};
/* End PBXNativeTarget section */

/* Begin PBXProject section */
		22371F7F2CF8FB9600B3C140 /* Project object */ = {
			isa = PBXProject;
			attributes = {
				BuildIndependentTargetsInParallel = 1;
				LastSwiftUpdateCheck = 1320;
				LastUpgradeCheck = 1320;
				TargetAttributes = {
					22371F862CF8FB9600B3C140 = {
						CreatedOnToolsVersion = 13.2.1;
					};
				};
			};
			buildConfigurationList = 22371F822CF8FB9600B3C140 /* Build configuration list for PBXProject "BostaTasks" */;
			compatibilityVersion = "Xcode 13.0";
			developmentRegion = en;
			hasScannedForEncodings = 0;
			knownRegions = (
				en,
				Base,
			);
			mainGroup = 22371F7E2CF8FB9600B3C140;
			packageReferences = (
				22371F9E2CF8FD9700B3C140 /* XCRemoteSwiftPackageReference "RxSwift" */,
				22371FA32CF8FEA700B3C140 /* XCRemoteSwiftPackageReference "Moya" */,
				22371FA92CF9021E00B3C140 /* XCRemoteSwiftPackageReference "Kingfisher" */,
			);
			productRefGroup = 22371F882CF8FB9600B3C140 /* Products */;
			projectDirPath = "";
			projectRoot = "";
			targets = (
				22371F862CF8FB9600B3C140 /* BostaTasks */,
			);
		};
/* End PBXProject section */

/* Begin PBXResourcesBuildPhase section */
		22371F852CF8FB9600B3C140 /* Resources */ = {
			isa = PBXResourcesBuildPhase;
			buildActionMask = 2147483647;
			files = (
				22371F972CF8FBA100B3C140 /* LaunchScreen.storyboard in Resources */,
				22371F942CF8FBA100B3C140 /* Assets.xcassets in Resources */,
				22371F922CF8FB9600B3C140 /* Main.storyboard in Resources */,
			);
			runOnlyForDeploymentPostprocessing = 0;
		};
/* End PBXResourcesBuildPhase section */

/* Begin PBXSourcesBuildPhase section */
		22371F832CF8FB9600B3C140 /* Sources */ = {
			isa = PBXSourcesBuildPhase;
			buildActionMask = 2147483647;
			files = (
				22371FBD2CFA023A00B3C140 /* AlbumDetailsController.swift in Sources */,
				22371F8F2CF8FB9600B3C140 /* ProfileController.swift in Sources */,
				22371F8B2CF8FB9600B3C140 /* AppDelegate.swift in Sources */,
				22371F8D2CF8FB9600B3C140 /* SceneDelegate.swift in Sources */,
				22371FBB2CF9E56100B3C140 /* Albums.swift in Sources */,
				22371FC12CFA2C3500B3C140 /* Photos.swift in Sources */,
				22371FB52CF92B1A00B3C140 /* User.swift in Sources */,
				22371FBF2CFA0B2300B3C140 /* AlbumDetailsCell.swift in Sources */,
				22371FB72CF92C5800B3C140 /* NetworkService.swift in Sources */,
				22371FC32CFA2D2D00B3C140 /* AlbumDetailsVM.swift in Sources */,
				22371FC52CFA79BC00B3C140 /* ImageViewerController.swift in Sources */,
				22371FB32CF91FF300B3C140 /* AlbumsCell.swift in Sources */,
				22371FB92CF9343400B3C140 /* ProfileViewModel.swift in Sources */,
			);
			runOnlyForDeploymentPostprocessing = 0;
		};
/* End PBXSourcesBuildPhase section */

/* Begin PBXVariantGroup section */
		22371F902CF8FB9600B3C140 /* Main.storyboard */ = {
			isa = PBXVariantGroup;
			children = (
				22371F912CF8FB9600B3C140 /* Base */,
			);
			name = Main.storyboard;
			sourceTree = "<group>";
		};
		22371F952CF8FBA100B3C140 /* LaunchScreen.storyboard */ = {
			isa = PBXVariantGroup;
			children = (
				22371F962CF8FBA100B3C140 /* Base */,
			);
			name = LaunchScreen.storyboard;
			sourceTree = "<group>";
		};
/* End PBXVariantGroup section */

/* Begin XCBuildConfiguration section */
		22371F992CF8FBA100B3C140 /* Debug */ = {
			isa = XCBuildConfiguration;
			buildSettings = {
				ALWAYS_SEARCH_USER_PATHS = NO;
				CLANG_ANALYZER_NONNULL = YES;
				CLANG_ANALYZER_NUMBER_OBJECT_CONVERSION = YES_AGGRESSIVE;
				CLANG_CXX_LANGUAGE_STANDARD = "gnu++17";
				CLANG_CXX_LIBRARY = "libc++";
				CLANG_ENABLE_MODULES = YES;
				CLANG_ENABLE_OBJC_ARC = YES;
				CLANG_ENABLE_OBJC_WEAK = YES;
				CLANG_WARN_BLOCK_CAPTURE_AUTORELEASING = YES;
				CLANG_WARN_BOOL_CONVERSION = YES;
				CLANG_WARN_COMMA = YES;
				CLANG_WARN_CONSTANT_CONVERSION = YES;
				CLANG_WARN_DEPRECATED_OBJC_IMPLEMENTATIONS = YES;
				CLANG_WARN_DIRECT_OBJC_ISA_USAGE = YES_ERROR;
				CLANG_WARN_DOCUMENTATION_COMMENTS = YES;
				CLANG_WARN_EMPTY_BODY = YES;
				CLANG_WARN_ENUM_CONVERSION = YES;
				CLANG_WARN_INFINITE_RECURSION = YES;
				CLANG_WARN_INT_CONVERSION = YES;
				CLANG_WARN_NON_LITERAL_NULL_CONVERSION = YES;
				CLANG_WARN_OBJC_IMPLICIT_RETAIN_SELF = YES;
				CLANG_WARN_OBJC_LITERAL_CONVERSION = YES;
				CLANG_WARN_OBJC_ROOT_CLASS = YES_ERROR;
				CLANG_WARN_QUOTED_INCLUDE_IN_FRAMEWORK_HEADER = YES;
				CLANG_WARN_RANGE_LOOP_ANALYSIS = YES;
				CLANG_WARN_STRICT_PROTOTYPES = YES;
				CLANG_WARN_SUSPICIOUS_MOVE = YES;
				CLANG_WARN_UNGUARDED_AVAILABILITY = YES_AGGRESSIVE;
				CLANG_WARN_UNREACHABLE_CODE = YES;
				CLANG_WARN__DUPLICATE_METHOD_MATCH = YES;
				COPY_PHASE_STRIP = NO;
				DEBUG_INFORMATION_FORMAT = dwarf;
				ENABLE_STRICT_OBJC_MSGSEND = YES;
				ENABLE_TESTABILITY = YES;
				GCC_C_LANGUAGE_STANDARD = gnu11;
				GCC_DYNAMIC_NO_PIC = NO;
				GCC_NO_COMMON_BLOCKS = YES;
				GCC_OPTIMIZATION_LEVEL = 0;
				GCC_PREPROCESSOR_DEFINITIONS = (
					"DEBUG=1",
					"$(inherited)",
				);
				GCC_WARN_64_TO_32_BIT_CONVERSION = YES;
				GCC_WARN_ABOUT_RETURN_TYPE = YES_ERROR;
				GCC_WARN_UNDECLARED_SELECTOR = YES;
				GCC_WARN_UNINITIALIZED_AUTOS = YES_AGGRESSIVE;
				GCC_WARN_UNUSED_FUNCTION = YES;
				GCC_WARN_UNUSED_VARIABLE = YES;
				IPHONEOS_DEPLOYMENT_TARGET = 15.2;
				MTL_ENABLE_DEBUG_INFO = INCLUDE_SOURCE;
				MTL_FAST_MATH = YES;
				ONLY_ACTIVE_ARCH = YES;
				SDKROOT = iphoneos;
				SWIFT_ACTIVE_COMPILATION_CONDITIONS = DEBUG;
				SWIFT_OPTIMIZATION_LEVEL = "-Onone";
			};
			name = Debug;
		};
		22371F9A2CF8FBA100B3C140 /* Release */ = {
			isa = XCBuildConfiguration;
			buildSettings = {
				ALWAYS_SEARCH_USER_PATHS = NO;
				CLANG_ANALYZER_NONNULL = YES;
				CLANG_ANALYZER_NUMBER_OBJECT_CONVERSION = YES_AGGRESSIVE;
				CLANG_CXX_LANGUAGE_STANDARD = "gnu++17";
				CLANG_CXX_LIBRARY = "libc++";
				CLANG_ENABLE_MODULES = YES;
				CLANG_ENABLE_OBJC_ARC = YES;
				CLANG_ENABLE_OBJC_WEAK = YES;
				CLANG_WARN_BLOCK_CAPTURE_AUTORELEASING = YES;
				CLANG_WARN_BOOL_CONVERSION = YES;
				CLANG_WARN_COMMA = YES;
				CLANG_WARN_CONSTANT_CONVERSION = YES;
				CLANG_WARN_DEPRECATED_OBJC_IMPLEMENTATIONS = YES;
				CLANG_WARN_DIRECT_OBJC_ISA_USAGE = YES_ERROR;
				CLANG_WARN_DOCUMENTATION_COMMENTS = YES;
				CLANG_WARN_EMPTY_BODY = YES;
				CLANG_WARN_ENUM_CONVERSION = YES;
				CLANG_WARN_INFINITE_RECURSION = YES;
				CLANG_WARN_INT_CONVERSION = YES;
				CLANG_WARN_NON_LITERAL_NULL_CONVERSION = YES;
				CLANG_WARN_OBJC_IMPLICIT_RETAIN_SELF = YES;
				CLANG_WARN_OBJC_LITERAL_CONVERSION = YES;
				CLANG_WARN_OBJC_ROOT_CLASS = YES_ERROR;
				CLANG_WARN_QUOTED_INCLUDE_IN_FRAMEWORK_HEADER = YES;
				CLANG_WARN_RANGE_LOOP_ANALYSIS = YES;
				CLANG_WARN_STRICT_PROTOTYPES = YES;
				CLANG_WARN_SUSPICIOUS_MOVE = YES;
				CLANG_WARN_UNGUARDED_AVAILABILITY = YES_AGGRESSIVE;
				CLANG_WARN_UNREACHABLE_CODE = YES;
				CLANG_WARN__DUPLICATE_METHOD_MATCH = YES;
				COPY_PHASE_STRIP = NO;
				DEBUG_INFORMATION_FORMAT = "dwarf-with-dsym";
				ENABLE_NS_ASSERTIONS = NO;
				ENABLE_STRICT_OBJC_MSGSEND = YES;
				GCC_C_LANGUAGE_STANDARD = gnu11;
				GCC_NO_COMMON_BLOCKS = YES;
				GCC_WARN_64_TO_32_BIT_CONVERSION = YES;
				GCC_WARN_ABOUT_RETURN_TYPE = YES_ERROR;
				GCC_WARN_UNDECLARED_SELECTOR = YES;
				GCC_WARN_UNINITIALIZED_AUTOS = YES_AGGRESSIVE;
				GCC_WARN_UNUSED_FUNCTION = YES;
				GCC_WARN_UNUSED_VARIABLE = YES;
				IPHONEOS_DEPLOYMENT_TARGET = 15.2;
				MTL_ENABLE_DEBUG_INFO = NO;
				MTL_FAST_MATH = YES;
				SDKROOT = iphoneos;
				SWIFT_COMPILATION_MODE = wholemodule;
				SWIFT_OPTIMIZATION_LEVEL = "-O";
				VALIDATE_PRODUCT = YES;
			};
			name = Release;
		};
		22371F9C2CF8FBA100B3C140 /* Debug */ = {
			isa = XCBuildConfiguration;
			buildSettings = {
				ASSETCATALOG_COMPILER_APPICON_NAME = AppIcon;
				ASSETCATALOG_COMPILER_GLOBAL_ACCENT_COLOR_NAME = AccentColor;
				CODE_SIGN_STYLE = Automatic;
				CURRENT_PROJECT_VERSION = 1;
				DEVELOPMENT_TEAM = WNA868NVL3;
				GENERATE_INFOPLIST_FILE = YES;
				INFOPLIST_FILE = BostaTasks/Info.plist;
				INFOPLIST_KEY_UIApplicationSupportsIndirectInputEvents = YES;
				INFOPLIST_KEY_UILaunchStoryboardName = LaunchScreen;
				INFOPLIST_KEY_UIMainStoryboardFile = Main;
				INFOPLIST_KEY_UISupportedInterfaceOrientations_iPad = "UIInterfaceOrientationPortrait UIInterfaceOrientationPortraitUpsideDown UIInterfaceOrientationLandscapeLeft UIInterfaceOrientationLandscapeRight";
				INFOPLIST_KEY_UISupportedInterfaceOrientations_iPhone = "UIInterfaceOrientationPortrait UIInterfaceOrientationLandscapeLeft UIInterfaceOrientationLandscapeRight";
				LD_RUNPATH_SEARCH_PATHS = (
					"$(inherited)",
					"@executable_path/Frameworks",
				);
				MARKETING_VERSION = 1.0;
				PRODUCT_BUNDLE_IDENTIFIER = com.haneen.BostaTasks;
				PRODUCT_NAME = "$(TARGET_NAME)";
				SWIFT_EMIT_LOC_STRINGS = YES;
				SWIFT_VERSION = 5.0;
				TARGETED_DEVICE_FAMILY = "1,2";
			};
			name = Debug;
		};
		22371F9D2CF8FBA100B3C140 /* Release */ = {
			isa = XCBuildConfiguration;
			buildSettings = {
				ASSETCATALOG_COMPILER_APPICON_NAME = AppIcon;
				ASSETCATALOG_COMPILER_GLOBAL_ACCENT_COLOR_NAME = AccentColor;
				CODE_SIGN_STYLE = Automatic;
				CURRENT_PROJECT_VERSION = 1;
				DEVELOPMENT_TEAM = WNA868NVL3;
				GENERATE_INFOPLIST_FILE = YES;
				INFOPLIST_FILE = BostaTasks/Info.plist;
				INFOPLIST_KEY_UIApplicationSupportsIndirectInputEvents = YES;
				INFOPLIST_KEY_UILaunchStoryboardName = LaunchScreen;
				INFOPLIST_KEY_UIMainStoryboardFile = Main;
				INFOPLIST_KEY_UISupportedInterfaceOrientations_iPad = "UIInterfaceOrientationPortrait UIInterfaceOrientationPortraitUpsideDown UIInterfaceOrientationLandscapeLeft UIInterfaceOrientationLandscapeRight";
				INFOPLIST_KEY_UISupportedInterfaceOrientations_iPhone = "UIInterfaceOrientationPortrait UIInterfaceOrientationLandscapeLeft UIInterfaceOrientationLandscapeRight";
				LD_RUNPATH_SEARCH_PATHS = (
					"$(inherited)",
					"@executable_path/Frameworks",
				);
				MARKETING_VERSION = 1.0;
				PRODUCT_BUNDLE_IDENTIFIER = com.haneen.BostaTasks;
				PRODUCT_NAME = "$(TARGET_NAME)";
				SWIFT_EMIT_LOC_STRINGS = YES;
				SWIFT_VERSION = 5.0;
				TARGETED_DEVICE_FAMILY = "1,2";
			};
			name = Release;
		};
/* End XCBuildConfiguration section */

/* Begin XCConfigurationList section */
		22371F822CF8FB9600B3C140 /* Build configuration list for PBXProject "BostaTasks" */ = {
			isa = XCConfigurationList;
			buildConfigurations = (
				22371F992CF8FBA100B3C140 /* Debug */,
				22371F9A2CF8FBA100B3C140 /* Release */,
			);
			defaultConfigurationIsVisible = 0;
			defaultConfigurationName = Release;
		};
		22371F9B2CF8FBA100B3C140 /* Build configuration list for PBXNativeTarget "BostaTasks" */ = {
			isa = XCConfigurationList;
			buildConfigurations = (
				22371F9C2CF8FBA100B3C140 /* Debug */,
				22371F9D2CF8FBA100B3C140 /* Release */,
			);
			defaultConfigurationIsVisible = 0;
			defaultConfigurationName = Release;
		};
/* End XCConfigurationList section */

/* Begin XCRemoteSwiftPackageReference section */
		22371F9E2CF8FD9700B3C140 /* XCRemoteSwiftPackageReference "RxSwift" */ = {
			isa = XCRemoteSwiftPackageReference;
			repositoryURL = "https://github.com/ReactiveX/RxSwift.git";
			requirement = {
				kind = upToNextMajorVersion;
				minimumVersion = 6.0.0;
			};
		};
		22371FA32CF8FEA700B3C140 /* XCRemoteSwiftPackageReference "Moya" */ = {
			isa = XCRemoteSwiftPackageReference;
			repositoryURL = "https://github.com/Moya/Moya.git";
			requirement = {
				kind = upToNextMajorVersion;
				minimumVersion = 15.0.0;
			};
		};
		22371FA92CF9021E00B3C140 /* XCRemoteSwiftPackageReference "Kingfisher" */ = {
			isa = XCRemoteSwiftPackageReference;
			repositoryURL = "https://github.com/onevcat/Kingfisher.git";
			requirement = {
				kind = upToNextMajorVersion;
				minimumVersion = 6.0.0;
			};
		};
/* End XCRemoteSwiftPackageReference section */

/* Begin XCSwiftPackageProductDependency section */
		22371F9F2CF8FD9700B3C140 /* RxCocoa */ = {
			isa = XCSwiftPackageProductDependency;
			package = 22371F9E2CF8FD9700B3C140 /* XCRemoteSwiftPackageReference "RxSwift" */;
			productName = RxCocoa;
		};
		22371FA12CF8FD9700B3C140 /* RxSwift */ = {
			isa = XCSwiftPackageProductDependency;
			package = 22371F9E2CF8FD9700B3C140 /* XCRemoteSwiftPackageReference "RxSwift" */;
			productName = RxSwift;
		};
		22371FA42CF8FEA700B3C140 /* Moya */ = {
			isa = XCSwiftPackageProductDependency;
			package = 22371FA32CF8FEA700B3C140 /* XCRemoteSwiftPackageReference "Moya" */;
			productName = Moya;
		};
		22371FAA2CF9021E00B3C140 /* Kingfisher */ = {
			isa = XCSwiftPackageProductDependency;
			package = 22371FA92CF9021E00B3C140 /* XCRemoteSwiftPackageReference "Kingfisher" */;
			productName = Kingfisher;
		};
/* End XCSwiftPackageProductDependency section */
	};
	rootObject = 22371F7F2CF8FB9600B3C140 /* Project object */;
}
